<?xml version="1.0" encoding="utf-8"?>
<Project ToolsVersion="4.0" xmlns="http://schemas.microsoft.com/developer/msbuild/2003">
  <ItemGroup>
    <Filter Include="源文件">
      <UniqueIdentifier>{4FC737F1-C7A5-4376-A066-2A32D752A2FF}</UniqueIdentifier>
      <Extensions>cpp;c;cc;cxx;c++;cppm;ixx;def;odl;idl;hpj;bat;asm;asmx</Extensions>
    </Filter>
    <Filter Include="头文件">
      <UniqueIdentifier>{93995380-89BD-4b04-88EB-625FBE52EBFB}</UniqueIdentifier>
      <Extensions>h;hh;hpp;hxx;h++;hm;inl;inc;ipp;xsd</Extensions>
    </Filter>
    <Filter Include="资源文件">
      <UniqueIdentifier>{67DA6AB6-F800-4c08-8B7A-83BB121AAD01}</UniqueIdentifier>
      <Extensions>rc;ico;cur;bmp;dlg;rc2;rct;bin;rgs;gif;jpg;jpeg;jpe;resx;tiff;tif;png;wav;mfcribbon-ms</Extensions>
    </Filter>
    <Filter Include="Shaders">
      <UniqueIdentifier>{eab11267-b6b2-4590-89e5-4d04d3198cf6}</UniqueIdentifier>
    </Filter>
  </ItemGroup>
  <ItemGroup>
    <ClCompile Include="..\src\bitmap.cpp">
      <Filter>源文件</Filter>
    </ClCompile>
    <ClCompile Include="..\src\glShader.cpp">
      <Filter>源文件</Filter>
    </ClCompile>
    <ClCompile Include="..\src\main.cpp">
      <Filter>源文件</Filter>
    </ClCompile>
    <ClCompile Include="..\src\model_obj.cpp">
      <Filter>源文件</Filter>
    </ClCompile>
  </ItemGroup>
  <ItemGroup>
    <ClInclude Include="..\src\bitmap.h">
      <Filter>头文件</Filter>
    </ClInclude>
    <ClInclude Include="..\src\glShader.h">
      <Filter>头文件</Filter>
    </ClInclude>
    <ClInclude Include="..\src\model_obj.h">
      <Filter>头文件</Filter>
    </ClInclude>
    <ClInclude Include="..\src\vector3.h">
      <Filter>头文件</Filter>
    </ClInclude>
  </ItemGroup>
  <ItemGroup>
    <None Include="..\shaders\blinn_phong_frag.glsl">
      <Filter>Shaders</Filter>
    </None>
    <None Include="..\shaders\blinn_phong_vert.glsl">
      <Filter>Shaders</Filter>
    </None>
    <None Include="..\shaders\render_ambient.glsl">
      <Filter>Shaders</Filter>
    </None>
    <None Include="..\shaders\render_perlight_diff_spec.glsl">
      <Filter>Shaders</Filter>
    </None>
    <None Include="..\shaders\render_perlight_shadow_map.glsl">
      <Filter>Shaders</Filter>
    </None>
    <None Include="..\shaders\shadow_volume.glsl">
      <Filter>Shaders</Filter>
    </None>
    <None Include="..\shaders\visualize_shadow_map.glsl">
      <Filter>Shaders</Filter>
    </None>
  </ItemGroup>
</Project>